
Microsoft Visual Studio Solution File, Format Version 12.00
# Visual Studio 15
VisualStudioVersion = 15.0.27703.2000
MinimumVisualStudioVersion = 10.0.40219.1
Project("{FAE04EC0-301F-11D3-BF4B-00C04F79EFBC}") = "TelepathyCore", "TelepathyCore\TelepathyCore.csproj", "{57E3C881-4BCC-4187-A54E-C7EC6D926F85}"
EndProject
Project("{FAE04EC0-301F-11D3-BF4B-00C04F79EFBC}") = "Adept", "Adept\Adept.csproj", "{A3C5E8B7-8643-457C-A6BB-77994B0BB2E8}"
EndProject
Global
	GlobalSection(SolutionConfigurationPlatforms) = preSolution
		Debug|Any CPU = Debug|Any CPU
		Release|Any CPU = Release|Any CPU
	EndGlobalSection
	GlobalSection(ProjectConfigurationPlatforms) = postSolution
		{57E3C881-4BCC-4187-A54E-C7EC6D926F85}.Debug|Any CPU.ActiveCfg = Debug|Any CPU
		{57E3C881-4BCC-4187-A54E-C7EC6D926F85}.Debug|Any CPU.Build.0 = Debug|Any CPU
		{57E3C881-4BCC-4187-A54E-C7EC6D926F85}.Release|Any CPU.ActiveCfg = Release|Any CPU
		{57E3C881-4BCC-4187-A54E-C7EC6D926F85}.Release|Any CPU.Build.0 = Release|Any CPU
		{A3C5E8B7-8643-457C-A6BB-77994B0BB2E8}.Debug|Any CPU.ActiveCfg = Debug|Any CPU
		{A3C5E8B7-8643-457C-A6BB-77994B0BB2E8}.Debug|Any CPU.Build.0 = Debug|Any CPU
		{A3C5E8B7-8643-457C-A6BB-77994B0BB2E8}.Release|Any CPU.ActiveCfg = Release|Any CPU
		{A3C5E8B7-8643-457C-A6BB-77994B0BB2E8}.Release|Any CPU.Build.0 = Release|Any CPU
	EndGlobalSection
	GlobalSection(SolutionProperties) = preSolution
		HideSolutionNode = FALSE
	EndGlobalSection
	GlobalSection(ExtensibilityGlobals) = postSolution
		SolutionGuid = {EA705E5E-83B8-4B55-9937-9284697F8673}
	EndGlobalSection
EndGlobal
